# This file is automatically @generated by Poetry 2.2.1 and should not be changed by hand.

[[package]]
name = "brotli"
version = "1.2.0"
description = "Python bindings for the Brotli compression library"
optional = false
python-versions = "*"
groups = ["main"]
files = [
    {file = "brotli-1.2.0-cp27-cp27m-macosx_10_9_x86_64.whl", hash = "sha256:99cfa69813d79492f0e5d52a20fd18395bc82e671d5d40bd5a91d13e75e468e8"},
    {file = "brotli-1.2.0-cp27-cp27m-manylinux1_i686.whl", hash = "sha256:3ebe801e0f4e56d17cd386ca6600573e3706ce1845376307f5d2cbd32149b69a"},
    {file = "brotli-1.2.0-cp27-cp27m-manylinux1_x86_64.whl", hash = "sha256:a387225a67f619bf16bd504c37655930f910eb03675730fc2ad69d3d8b5e7e92"},
    {file = "brotli-1.2.0-cp27-cp27m-win32.whl", hash = "sha256:b908d1a7b28bc72dfb743be0d4d3f8931f8309f810af66c906ae6cd4127c93cb"},
    {file = "brotli-1.2.0-cp27-cp27m-win_amd64.whl", hash = "sha256:d206a36b4140fbb5373bf1eb73fb9de589bb06afd0d22376de23c5e91d0ab35f"},
    {file = "brotli-1.2.0-cp27-cp27mu-manylinux1_i686.whl", hash = "sha256:7e9053f5fb4e0dfab89243079b3e217f2aea4085e4d58c5c06115fc34823707f"},
    {file = "brotli-1.2.0-cp27-cp27mu-manylinux1_x86_64.whl", hash = "sha256:4735a10f738cb5516905a121f32b24ce196ab82cfc1e4ba2e3ad1b371085fd46"},
    {file = "brotli-1.2.0-cp310-cp310-macosx_10_9_universal2.whl", hash = "sha256:3b90b767916ac44e93a8e28ce6adf8d551e43affb512f2377c732d486ac6514e"},
    {file = "brotli-1.2.0-cp310-cp310-macosx_10_9_x86_64.whl", hash = "sha256:6be67c19e0b0c56365c6a76e393b932fb0e78b3b56b711d180dd7013cb1fd984"},
    {file = "brotli-1.2.0-cp310-cp310-manylinux2014_aarch64.manylinux_2_17_aarch64.manylinux_2_28_aarch64.whl", hash = "sha256:0bbd5b5ccd157ae7913750476d48099aaf507a79841c0d04a9db4415b14842de"},
    {file = "brotli-1.2.0-cp310-cp310-manylinux2014_ppc64le.manylinux_2_17_ppc64le.manylinux_2_28_ppc64le.whl", hash = "sha256:3f3c908bcc404c90c77d5a073e55271a0a498f4e0756e48127c35d91cf155947"},
    {file = "brotli-1.2.0-cp310-cp310-manylinux2014_x86_64.manylinux_2_17_x86_64.whl", hash = "sha256:1b557b29782a643420e08d75aea889462a4a8796e9a6cf5621ab05a3f7da8ef2"},
    {file = "brotli-1.2.0-cp310-cp310-musllinux_1_2_aarch64.whl", hash = "sha256:81da1b229b1889f25adadc929aeb9dbc4e922bd18561b65b08dd9343cfccca84"},
    {file = "brotli-1.2.0-cp310-cp310-musllinux_1_2_ppc64le.whl", hash = "sha256:ff09cd8c5eec3b9d02d2408db41be150d8891c5566addce57513bf546e3d6c6d"},
    {file = "brotli-1.2.0-cp310-cp310-musllinux_1_2_x86_64.whl", hash = "sha256:a1778532b978d2536e79c05dac2d8cd857f6c55cd0c95ace5b03740824e0e2f1"},
    {file = "brotli-1.2.0-cp310-cp310-win32.whl", hash = "sha256:b232029d100d393ae3c603c8ffd7e3fe6f798c5e28ddca5feabb8e8fdb732997"},
    {file = "brotli-1.2.0-cp310-cp310-win_amd64.whl", hash = "sha256:ef87b8ab2704da227e83a246356a2b179ef826f550f794b2c52cddb4efbd0196"},
    {file = "brotli-1.2.0-cp311-cp311-macosx_10_9_universal2.whl", hash = "sha256:15b33fe93cedc4caaff8a0bd1eb7e3dab1c61bb22a0bf5bdfdfd97cd7da79744"},
    {file = "brotli-1.2.0-cp311-cp311-macosx_10_9_x86_64.whl", hash = "sha256:898be2be399c221d2671d29eed26b6b2713a02c2119168ed914e7d00ceadb56f"},
    {file = "brotli-1.2.0-cp311-cp311-manylinux2014_aarch64.manylinux_2_17_aarch64.manylinux_2_28_aarch64.whl", hash = "sha256:350c8348f0e76fff0a0fd6c26755d2653863279d086d3aa2c290a6a7251135dd"},
    {file = "brotli-1.2.0-cp311-cp311-manylinux2014_ppc64le.manylinux_2_17_ppc64le.manylinux_2_28_ppc64le.whl", hash = "sha256:2e1ad3fda65ae0d93fec742a128d72e145c9c7a99ee2fcd667785d99eb25a7fe"},
    {file = "brotli-1.2.0-cp311-cp311-manylinux2014_x86_64.manylinux_2_17_x86_64.whl", hash = "sha256:40d918bce2b427a0c4ba189df7a006ac0c7277c180aee4617d99e9ccaaf59e6a"},
    {file = "brotli-1.2.0-cp311-cp311-musllinux_1_2_aarch64.whl", hash = "sha256:2a7f1d03727130fc875448b65b127a9ec5d06d19d0148e7554384229706f9d1b"},
    {file = "brotli-1.2.0-cp311-cp311-musllinux_1_2_ppc64le.whl", hash = "sha256:9c79f57faa25d97900bfb119480806d783fba83cd09ee0b33c17623935b05fa3"},
    {file = "brotli-1.2.0-cp311-cp311-musllinux_1_2_x86_64.whl", hash = "sha256:844a8ceb8483fefafc412f85c14f2aae2fb69567bf2a0de53cdb88b73e7c43ae"},
    {file = "brotli-1.2.0-cp311-cp311-win32.whl", hash = "sha256:aa47441fa3026543513139cb8926a92a8e305ee9c71a6209ef7a97d91640ea03"},
    {file = "brotli-1.2.0-cp311-cp311-win_amd64.whl", hash = "sha256:022426c9e99fd65d9475dce5c195526f04bb8be8907607e27e747893f6ee3e24"},
    {file = "brotli-1.2.0-cp312-cp312-macosx_10_13_universal2.whl", hash = "sha256:35d382625778834a7f3061b15423919aa03e4f5da34ac8e02c074e4b75ab4f84"},
    {file = "brotli-1.2.0-cp312-cp312-macosx_10_13_x86_64.whl", hash = "sha256:7a61c06b334bd99bc5ae84f1eeb36bfe01400264b3c352f968c6e30a10f9d08b"},
    {file = "brotli-1.2.0-cp312-cp312-manylinux2014_aarch64.manylinux_2_17_aarch64.manylinux_2_28_aarch64.whl", hash = "sha256:acec55bb7c90f1dfc476126f9711a8e81c9af7fb617409a9ee2953115343f08d"},
    {file = "brotli-1.2.0-cp312-cp312-manylinux2014_ppc64le.manylinux_2_17_ppc64le.manylinux_2_28_ppc64le.whl", hash = "sha256:260d3692396e1895c5034f204f0db022c056f9e2ac841593a4cf9426e2a3faca"},
    {file = "brotli-1.2.0-cp312-cp312-manylinux2014_x86_64.manylinux_2_17_x86_64.whl", hash = "sha256:072e7624b1fc4d601036ab3f4f27942ef772887e876beff0301d261210bca97f"},
    {file = "brotli-1.2.0-cp312-cp312-musllinux_1_2_aarch64.whl", hash = "sha256:adedc4a67e15327dfdd04884873c6d5a01d3e3b6f61406f99b1ed4865a2f6d28"},
    {file = "brotli-1.2.0-cp312-cp312-musllinux_1_2_ppc64le.whl", hash = "sha256:7a47ce5c2288702e09dc22a44d0ee6152f2c7eda97b3c8482d826a1f3cfc7da7"},
    {file = "brotli-1.2.0-cp312-cp312-musllinux_1_2_x86_64.whl", hash = "sha256:af43b8711a8264bb4e7d6d9a6d004c3a2019c04c01127a868709ec29962b6036"},
    {file = "brotli-1.2.0-cp312-cp312-win32.whl", hash = "sha256:e99befa0b48f3cd293dafeacdd0d191804d105d279e0b387a32054c1180f3161"},
    {file = "brotli-1.2.0-cp312-cp312-win_amd64.whl", hash = "sha256:b35c13ce241abdd44cb8ca70683f20c0c079728a36a996297adb5334adfc1c44"},
    {file = "brotli-1.2.0-cp313-cp313-macosx_10_13_universal2.whl", hash = "sha256:9e5825ba2c9998375530504578fd4d5d1059d09621a02065d1b6bfc41a8e05ab"},
    {file = "brotli-1.2.0-cp313-cp313-macosx_10_13_x86_64.whl", hash = "sha256:0cf8c3b8ba93d496b2fae778039e2f5ecc7cff99df84df337ca31d8f2252896c"},
    {file = "brotli-1.2.0-cp313-cp313-manylinux2014_aarch64.manylinux_2_17_aarch64.manylinux_2_28_aarch64.whl", hash = "sha256:c8565e3cdc1808b1a34714b553b262c5de5fbda202285782173ec137fd13709f"},
    {file = "brotli-1.2.0-cp313-cp313-manylinux2014_ppc64le.manylinux_2_17_ppc64le.manylinux_2_28_ppc64le.whl", hash = "sha256:26e8d3ecb0ee458a9804f47f21b74845cc823fd1bb19f02272be70774f56e2a6"},
    {file = "brotli-1.2.0-cp313-cp313-manylinux2014_x86_64.manylinux_2_17_x86_64.whl", hash = "sha256:67a91c5187e1eec76a61625c77a6c8c785650f5b576ca732bd33ef58b0dff49c"},
    {file = "brotli-1.2.0-cp313-cp313-musllinux_1_2_aarch64.whl", hash = "sha256:4ecdb3b6dc36e6d6e14d3a1bdc6c1057c8cbf80db04031d566eb6080ce283a48"},
    {file = "brotli-1.2.0-cp313-cp313-musllinux_1_2_ppc64le.whl", hash = "sha256:3e1b35d56856f3ed326b140d3c6d9db91740f22e14b06e840fe4bb1923439a18"},
    {file = "brotli-1.2.0-cp313-cp313-musllinux_1_2_x86_64.whl", hash = "sha256:54a50a9dad16b32136b2241ddea9e4df159b41247b2ce6aac0b3276a66a8f1e5"},
    {file = "brotli-1.2.0-cp313-cp313-win32.whl", hash = "sha256:1b1d6a4efedd53671c793be6dd760fcf2107da3a52331ad9ea429edf0902f27a"},
    {file = "brotli-1.2.0-cp313-cp313-win_amd64.whl", hash = "sha256:b63daa43d82f0cdabf98dee215b375b4058cce72871fd07934f179885aad16e8"},
    {file = "brotli-1.2.0-cp314-cp314-macosx_10_15_universal2.whl", hash = "sha256:6c12dad5cd04530323e723787ff762bac749a7b256a5bece32b2243dd5c27b21"},
    {file = "brotli-1.2.0-cp314-cp314-macosx_10_15_x86_64.whl", hash = "sha256:3219bd9e69868e57183316ee19c84e03e8f8b5a1d1f2667e1aa8c2f91cb061ac"},
    {file = "brotli-1.2.0-cp314-cp314-manylinux2014_aarch64.manylinux_2_17_aarch64.manylinux_2_28_aarch64.whl", hash = "sha256:963a08f3bebd8b75ac57661045402da15991468a621f014be54e50f53a58d19e"},
    {file = "brotli-1.2.0-cp314-cp314-manylinux2014_ppc64le.manylinux_2_17_ppc64le.manylinux_2_28_ppc64le.whl", hash = "sha256:9322b9f8656782414b37e6af884146869d46ab85158201d82bab9abbcb971dc7"},
    {file = "brotli-1.2.0-cp314-cp314-manylinux2014_x86_64.manylinux_2_17_x86_64.whl", hash = "sha256:cf9cba6f5b78a2071ec6fb1e7bd39acf35071d90a81231d67e92d637776a6a63"},
    {file = "brotli-1.2.0-cp314-cp314-musllinux_1_2_aarch64.whl", hash = "sha256:7547369c4392b47d30a3467fe8c3330b4f2e0f7730e45e3103d7d636678a808b"},
    {file = "brotli-1.2.0-cp314-cp314-musllinux_1_2_ppc64le.whl", hash = "sha256:fc1530af5c3c275b8524f2e24841cbe2599d74462455e9bae5109e9ff42e9361"},
    {file = "brotli-1.2.0-cp314-cp314-musllinux_1_2_x86_64.whl", hash = "sha256:d2d085ded05278d1c7f65560aae97b3160aeb2ea2c0b3e26204856beccb60888"},
    {file = "brotli-1.2.0-cp314-cp314-win32.whl", hash = "sha256:832c115a020e463c2f67664560449a7bea26b0c1fdd690352addad6d0a08714d"},
    {file = "brotli-1.2.0-cp314-cp314-win_amd64.whl", hash = "sha256:e7c0af964e0b4e3412a0ebf341ea26ec767fa0b4cf81abb5e897c9338b5ad6a3"},
    {file = "brotli-1.2.0-cp36-cp36m-macosx_10_9_x86_64.whl", hash = "sha256:82676c2781ecf0ab23833796062786db04648b7aae8be139f6b8065e5e7b1518"},
    {file = "brotli-1.2.0-cp36-cp36m-manylinux_2_17_aarch64.manylinux2014_aarch64.whl", hash = "sha256:c16ab1ef7bb55651f5836e8e62db1f711d55b82ea08c3b8083ff037157171a69"},
    {file = "brotli-1.2.0-cp36-cp36m-manylinux_2_17_ppc64le.manylinux2014_ppc64le.whl", hash = "sha256:e85190da223337a6b7431d92c799fca3e2982abd44e7b8dec69938dcc81c8e9e"},
    {file = "brotli-1.2.0-cp36-cp36m-manylinux_2_5_i686.manylinux1_i686.manylinux_2_12_i686.manylinux2010_i686.whl", hash = "sha256:d8c05b1dfb61af28ef37624385b0029df902ca896a639881f594060b30ffc9a7"},
    {file = "brotli-1.2.0-cp36-cp36m-manylinux_2_5_x86_64.manylinux1_x86_64.manylinux_2_12_x86_64.manylinux2010_x86_64.whl", hash = "sha256:465a0d012b3d3e4f1d6146ea019b5c11e3e87f03d1676da1cc3833462e672fb0"},
    {file = "brotli-1.2.0-cp36-cp36m-musllinux_1_2_aarch64.whl", hash = "sha256:96fbe82a58cdb2f872fa5d87dedc8477a12993626c446de794ea025bbda625ea"},
    {file = "brotli-1.2.0-cp36-cp36m-musllinux_1_2_i686.whl", hash = "sha256:1b71754d5b6eda54d16fbbed7fce2d8bc6c052a1b91a35c320247946ee103502"},
    {file = "brotli-1.2.0-cp36-cp36m-musllinux_1_2_ppc64le.whl", hash = "sha256:66c02c187ad250513c2f4fce973ef402d22f80e0adce734ee4e4efd657b6cb64"},
    {file = "brotli-1.2.0-cp36-cp36m-musllinux_1_2_x86_64.whl", hash = "sha256:ba76177fd318ab7b3b9bf6522be5e84c2ae798754b6cc028665490f6e66b5533"},
    {file = "brotli-1.2.0-cp36-cp36m-win32.whl", hash = "sha256:c1702888c9f3383cc2f09eb3e88b8babf5965a54afb79649458ec7c3c7a63e96"},
    {file = "brotli-1.2.0-cp36-cp36m-win_amd64.whl", hash = "sha256:f8d635cafbbb0c61327f942df2e3f474dde1cff16c3cd0580564774eaba1ee13"},
    {file = "brotli-1.2.0-cp37-cp37m-macosx_10_9_x86_64.whl", hash = "sha256:e80a28f2b150774844c8b454dd288be90d76ba6109670fe33d7ff54d96eb5cb8"},
    {file = "brotli-1.2.0-cp37-cp37m-manylinux_2_17_aarch64.manylinux2014_aarch64.whl", hash = "sha256:50b1b799f45da91292ffaa21a473ab3a3054fa78560e8ff67082a185274431c8"},
    {file = "brotli-1.2.0-cp37-cp37m-manylinux_2_17_ppc64le.manylinux2014_ppc64le.whl", hash = "sha256:29b7e6716ee4ea0c59e3b241f682204105f7da084d6254ec61886508efeb43bc"},
    {file = "brotli-1.2.0-cp37-cp37m-manylinux_2_5_i686.manylinux1_i686.manylinux_2_12_i686.manylinux2010_i686.whl", hash = "sha256:640fe199048f24c474ec6f3eae67c48d286de12911110437a36a87d7c89573a6"},
    {file = "brotli-1.2.0-cp37-cp37m-manylinux_2_5_x86_64.manylinux1_x86_64.manylinux_2_12_x86_64.manylinux2010_x86_64.whl", hash = "sha256:92edab1e2fd6cd5ca605f57d4545b6599ced5dea0fd90b2bcdf8b247a12bd190"},
    {file = "brotli-1.2.0-cp37-cp37m-musllinux_1_2_aarch64.whl", hash = "sha256:7274942e69b17f9cef76691bcf38f2b2d4c8a5f5dba6ec10958363dcb3308a0a"},
    {file = "brotli-1.2.0-cp37-cp37m-musllinux_1_2_i686.whl", hash = "sha256:a56ef534b66a749759ebd091c19c03ef81eb8cd96f0d1d16b59127eaf1b97a12"},
    {file = "brotli-1.2.0-cp37-cp37m-musllinux_1_2_ppc64le.whl", hash = "sha256:5732eff8973dd995549a18ecbd8acd692ac611c5c0bb3f59fa3541ae27b33be3"},
    {file = "brotli-1.2.0-cp37-cp37m-musllinux_1_2_x86_64.whl", hash = "sha256:598e88c736f63a0efec8363f9eb34e5b5536b7b6b1821e401afcb501d881f59a"},
    {file = "brotli-1.2.0-cp37-cp37m-win32.whl", hash = "sha256:7ad8cec81f34edf44a1c6a7edf28e7b7806dfb8886e371d95dcf789ccd4e4982"},
    {file = "brotli-1.2.0-cp37-cp37m-win_amd64.whl", hash = "sha256:865cedc7c7c303df5fad14a57bc5db1d4f4f9b2b4d0a7523ddd206f00c121a16"},
    {file = "brotli-1.2.0-cp38-cp38-macosx_10_9_universal2.whl", hash = "sha256:ac27a70bda257ae3f380ec8310b0a06680236bea547756c277b5dfe55a2452a8"},
    {file = "brotli-1.2.0-cp38-cp38-macosx_10_9_x86_64.whl", hash = "sha256:e813da3d2d865e9793ef681d3a6b66fa4b7c19244a45b817d0cceda67e615990"},
    {file = "brotli-1.2.0-cp38-cp38-manylinux2014_aarch64.manylinux_2_17_aarch64.manylinux_2_28_aarch64.whl", hash = "sha256:9fe11467c42c133f38d42289d0861b6b4f9da31e8087ca2c0d7ebb4543625526"},
    {file = "brotli-1.2.0-cp38-cp38-manylinux2014_ppc64le.manylinux_2_17_ppc64le.manylinux_2_28_ppc64le.whl", hash = "sha256:c0d6770111d1879881432f81c369de5cde6e9467be7c682a983747ec800544e2"},
    {file = "brotli-1.2.0-cp38-cp38-manylinux2014_x86_64.manylinux_2_17_x86_64.whl", hash = "sha256:eda5a6d042c698e28bda2507a89b16555b9aa954ef1d750e1c20473481aff675"},
    {file = "brotli-1.2.0-cp38-cp38-musllinux_1_2_aarch64.whl", hash = "sha256:3173e1e57cebb6d1de186e46b5680afbd82fd4301d7b2465beebe83ed317066d"},
    {file = "brotli-1.2.0-cp38-cp38-musllinux_1_2_ppc64le.whl", hash = "sha256:71a66c1c9be66595d628467401d5976158c97888c2c9379c034e1e2312c5b4f5"},
    {file = "brotli-1.2.0-cp38-cp38-musllinux_1_2_x86_64.whl", hash = "sha256:1e68cdf321ad05797ee41d1d09169e09d40fdf51a725bb148bff892ce04583d7"},
    {file = "brotli-1.2.0-cp38-cp38-win32.whl", hash = "sha256:f16dace5e4d3596eaeb8af334b4d2c820d34b8278da633ce4a00020b2eac981c"},
    {file = "brotli-1.2.0-cp38-cp38-win_amd64.whl", hash = "sha256:14ef29fc5f310d34fc7696426071067462c9292ed98b5ff5a27ac70a200e5470"},
    {file = "brotli-1.2.0-cp39-cp39-macosx_10_9_universal2.whl", hash = "sha256:8d4f47f284bdd28629481c97b5f29ad67544fa258d9091a6ed1fda47c7347cd1"},
    {file = "brotli-1.2.0-cp39-cp39-macosx_10_9_x86_64.whl", hash = "sha256:2881416badd2a88a7a14d981c103a52a23a276a553a8aacc1346c2ff47c8dc17"},
    {file = "brotli-1.2.0-cp39-cp39-manylinux2014_aarch64.manylinux_2_17_aarch64.manylinux_2_28_aarch64.whl", hash = "sha256:2d39b54b968f4b49b5e845758e202b1035f948b0561ff5e6385e855c96625971"},
    {file = "brotli-1.2.0-cp39-cp39-manylinux2014_ppc64le.manylinux_2_17_ppc64le.manylinux_2_28_ppc64le.whl", hash = "sha256:95db242754c21a88a79e01504912e537808504465974ebb92931cfca2510469e"},
    {file = "brotli-1.2.0-cp39-cp39-manylinux2014_x86_64.manylinux_2_17_x86_64.whl", hash = "sha256:bba6e7e6cfe1e6cb6eb0b7c2736a6059461de1fa2c0ad26cf845de6c078d16c8"},
    {file = "brotli-1.2.0-cp39-cp39-musllinux_1_2_aarch64.whl", hash = "sha256:88ef7d55b7bcf3331572634c3fd0ed327d237ceb9be6066810d39020a3ebac7a"},
    {file = "brotli-1.2.0-cp39-cp39-musllinux_1_2_ppc64le.whl", hash = "sha256:7fa18d65a213abcfbb2f6cafbb4c58863a8bd6f2103d65203c520ac117d1944b"},
    {file = "brotli-1.2.0-cp39-cp39-musllinux_1_2_x86_64.whl", hash = "sha256:09ac247501d1909e9ee47d309be760c89c990defbb2e0240845c892ea5ff0de4"},
    {file = "brotli-1.2.0-cp39-cp39-win32.whl", hash = "sha256:c25332657dee6052ca470626f18349fc1fe8855a56218e19bd7a8c6ad4952c49"},
    {file = "brotli-1.2.0-cp39-cp39-win_amd64.whl", hash = "sha256:1ce223652fd4ed3eb2b7f78fbea31c52314baecfac68db44037bb4167062a937"},
    {file = "brotli-1.2.0.tar.gz", hash = "sha256:e310f77e41941c13340a95976fe66a8a95b01e783d430eeaf7a2f87e0a57dd0a"},
]

[[package]]
name = "fonttools"
version = "4.61.0"
description = "Tools to manipulate font files"
optional = false
python-versions = ">=3.10"
groups = ["main"]
files = [
    {file = "fonttools-4.61.0-cp310-cp310-macosx_10_9_universal2.whl", hash = "sha256:dc25a4a9c1225653e4431a9413d0381b1c62317b0f543bdcec24e1991f612f33"},
    {file = "fonttools-4.61.0-cp310-cp310-macosx_10_9_x86_64.whl", hash = "sha256:6b493c32d2555e9944ec1b911ea649ff8f01a649ad9cba6c118d6798e932b3f0"},
    {file = "fonttools-4.61.0-cp310-cp310-manylinux2014_aarch64.manylinux_2_17_aarch64.manylinux_2_28_aarch64.whl", hash = "sha256:ad751319dc532a79bdf628b8439af167181b4210a0cd28a8935ca615d9fdd727"},
    {file = "fonttools-4.61.0-cp310-cp310-manylinux2014_x86_64.manylinux_2_17_x86_64.whl", hash = "sha256:2de14557d113faa5fb519f7f29c3abe4d69c17fe6a5a2595cc8cda7338029219"},
    {file = "fonttools-4.61.0-cp310-cp310-musllinux_1_2_aarch64.whl", hash = "sha256:59587bbe455dbdf75354a9dbca1697a35a8903e01fab4248d6b98a17032cee52"},
    {file = "fonttools-4.61.0-cp310-cp310-musllinux_1_2_x86_64.whl", hash = "sha256:46cb3d9279f758ac0cf671dc3482da877104b65682679f01b246515db03dbb72"},
    {file = "fonttools-4.61.0-cp310-cp310-win32.whl", hash = "sha256:58b4f1b78dfbfe855bb8a6801b31b8cdcca0e2847ec769ad8e0b0b692832dd3b"},
    {file = "fonttools-4.61.0-cp310-cp310-win_amd64.whl", hash = "sha256:68704a8bbe0b61976262b255e90cde593dc0fe3676542d9b4d846bad2a890a76"},
    {file = "fonttools-4.61.0-cp311-cp311-macosx_10_9_universal2.whl", hash = "sha256:a32a16951cbf113d38f1dd8551b277b6e06e0f6f776fece0f99f746d739e1be3"},
    {file = "fonttools-4.61.0-cp311-cp311-macosx_10_9_x86_64.whl", hash = "sha256:328a9c227984bebaf69f3ac9062265f8f6acc7ddf2e4e344c63358579af0aa3d"},
    {file = "fonttools-4.61.0-cp311-cp311-manylinux2014_aarch64.manylinux_2_17_aarch64.manylinux_2_28_aarch64.whl", hash = "sha256:2f0bafc8a3b3749c69cc610e5aa3da832d39c2a37a68f03d18ec9a02ecaac04a"},
    {file = "fonttools-4.61.0-cp311-cp311-manylinux2014_x86_64.manylinux_2_17_x86_64.whl", hash = "sha256:b5ca59b7417d149cf24e4c1933c9f44b2957424fc03536f132346d5242e0ebe5"},
    {file = "fonttools-4.61.0-cp311-cp311-musllinux_1_2_aarch64.whl", hash = "sha256:df8cbce85cf482eb01f4551edca978c719f099c623277bda8332e5dbe7dba09d"},
    {file = "fonttools-4.61.0-cp311-cp311-musllinux_1_2_x86_64.whl", hash = "sha256:7fb5b84f48a6a733ca3d7f41aa9551908ccabe8669ffe79586560abcc00a9cfd"},
    {file = "fonttools-4.61.0-cp311-cp311-win32.whl", hash = "sha256:787ef9dfd1ea9fe49573c272412ae5f479d78e671981819538143bec65863865"},
    {file = "fonttools-4.61.0-cp311-cp311-win_amd64.whl", hash = "sha256:14fafda386377b6131d9e448af42d0926bad47e038de0e5ba1d58c25d621f028"},
    {file = "fonttools-4.61.0-cp312-cp312-macosx_10_13_universal2.whl", hash = "sha256:e24a1565c4e57111ec7f4915f8981ecbb61adf66a55f378fdc00e206059fcfef"},
    {file = "fonttools-4.61.0-cp312-cp312-macosx_10_13_x86_64.whl", hash = "sha256:e2bfacb5351303cae9f072ccf3fc6ecb437a6f359c0606bae4b1ab6715201d87"},
    {file = "fonttools-4.61.0-cp312-cp312-manylinux1_x86_64.manylinux2014_x86_64.manylinux_2_17_x86_64.manylinux_2_5_x86_64.whl", hash = "sha256:0bdcf2e29d65c26299cc3d502f4612365e8b90a939f46cd92d037b6cb7bb544a"},
    {file = "fonttools-4.61.0-cp312-cp312-manylinux2014_aarch64.manylinux_2_17_aarch64.manylinux_2_28_aarch64.whl", hash = "sha256:e6cd0d9051b8ddaf7385f99dd82ec2a058e2b46cf1f1961e68e1ff20fcbb61af"},
    {file = "fonttools-4.61.0-cp312-cp312-musllinux_1_2_aarch64.whl", hash = "sha256:e074bc07c31406f45c418e17c1722e83560f181d122c412fa9e815df0ff74810"},
    {file = "fonttools-4.61.0-cp312-cp312-musllinux_1_2_x86_64.whl", hash = "sha256:5a9b78da5d5faa17e63b2404b77feeae105c1b7e75f26020ab7a27b76e02039f"},
    {file = "fonttools-4.61.0-cp312-cp312-win32.whl", hash = "sha256:9821ed77bb676736b88fa87a737c97b6af06e8109667e625a4f00158540ce044"},
    {file = "fonttools-4.61.0-cp312-cp312-win_amd64.whl", hash = "sha256:0011d640afa61053bc6590f9a3394bd222de7cfde19346588beabac374e9d8ac"},
    {file = "fonttools-4.61.0-cp313-cp313-macosx_10_13_universal2.whl", hash = "sha256:ba774b8cbd8754f54b8eb58124e8bd45f736b2743325ab1a5229698942b9b433"},
    {file = "fonttools-4.61.0-cp313-cp313-macosx_10_13_x86_64.whl", hash = "sha256:c84b430616ed73ce46e9cafd0bf0800e366a3e02fb7e1ad7c1e214dbe3862b1f"},
    {file = "fonttools-4.61.0-cp313-cp313-manylinux1_x86_64.manylinux2014_x86_64.manylinux_2_17_x86_64.manylinux_2_5_x86_64.whl", hash = "sha256:b2b734d8391afe3c682320840c8191de9bd24e7eb85768dd4dc06ed1b63dbb1b"},
    {file = "fonttools-4.61.0-cp313-cp313-manylinux2014_aarch64.manylinux_2_17_aarch64.manylinux_2_28_aarch64.whl", hash = "sha256:a5c5fff72bf31b0e558ed085e4fd7ed96eb85881404ecc39ed2a779e7cf724eb"},
    {file = "fonttools-4.61.0-cp313-cp313-musllinux_1_2_aarch64.whl", hash = "sha256:14a290c5c93fcab76b7f451e6a4b7721b712d90b3b5ed6908f1abcf794e90d6d"},
    {file = "fonttools-4.61.0-cp313-cp313-musllinux_1_2_x86_64.whl", hash = "sha256:13e3e20a5463bfeb77b3557d04b30bd6a96a6bb5c15c7b2e7908903e69d437a0"},
    {file = "fonttools-4.61.0-cp313-cp313-win32.whl", hash = "sha256:6781e7a4bb010be1cd69a29927b0305c86b843395f2613bdabe115f7d6ea7f34"},
    {file = "fonttools-4.61.0-cp313-cp313-win_amd64.whl", hash = "sha256:c53b47834ae41e8e4829171cc44fec0fdf125545a15f6da41776b926b9645a9a"},
    {file = "fonttools-4.61.0-cp314-cp314-macosx_10_15_universal2.whl", hash = "sha256:96dfc9bc1f2302224e48e6ee37e656eddbab810b724b52e9d9c13a57a6abad01"},
    {file = "fonttools-4.61.0-cp314-cp314-macosx_10_15_x86_64.whl", hash = "sha256:3b2065d94e5d63aafc2591c8b6ccbdb511001d9619f1bca8ad39b745ebeb5efa"},
    {file = "fonttools-4.61.0-cp314-cp314-manylinux1_x86_64.manylinux2014_x86_64.manylinux_2_17_x86_64.manylinux_2_5_x86_64.whl", hash = "sha256:e0d87e81e4d869549585ba0beb3f033718501c1095004f5e6aef598d13ebc216"},
    {file = "fonttools-4.61.0-cp314-cp314-manylinux2014_aarch64.manylinux_2_17_aarch64.manylinux_2_28_aarch64.whl", hash = "sha256:1cfa2eb9bae650e58f0e8ad53c49d19a844d6034d6b259f30f197238abc1ccee"},
    {file = "fonttools-4.61.0-cp314-cp314-musllinux_1_2_aarch64.whl", hash = "sha256:4238120002e68296d55e091411c09eab94e111c8ce64716d17df53fd0eb3bb3d"},
    {file = "fonttools-4.61.0-cp314-cp314-musllinux_1_2_x86_64.whl", hash = "sha256:b6ceac262cc62bec01b3bb59abccf41b24ef6580869e306a4e88b7e56bb4bdda"},
    {file = "fonttools-4.61.0-cp314-cp314-win32.whl", hash = "sha256:adbb4ecee1a779469a77377bbe490565effe8fce6fb2e6f95f064de58f8bac85"},
    {file = "fonttools-4.61.0-cp314-cp314-win_amd64.whl", hash = "sha256:02bdf8e04d1a70476564b8640380f04bb4ac74edc1fc71f1bacb840b3e398ee9"},
    {file = "fonttools-4.61.0-cp314-cp314t-macosx_10_15_universal2.whl", hash = "sha256:627216062d90ab0d98215176d8b9562c4dd5b61271d35f130bcd30f6a8aaa33a"},
    {file = "fonttools-4.61.0-cp314-cp314t-macosx_10_15_x86_64.whl", hash = "sha256:7b446623c9cd5f14a59493818eaa80255eec2468c27d2c01b56e05357c263195"},
    {file = "fonttools-4.61.0-cp314-cp314t-manylinux1_x86_64.manylinux2014_x86_64.manylinux_2_17_x86_64.manylinux_2_5_x86_64.whl", hash = "sha256:70e2a0c0182ee75e493ef33061bfebf140ea57e035481d2f95aa03b66c7a0e05"},
    {file = "fonttools-4.61.0-cp314-cp314t-manylinux2014_aarch64.manylinux_2_17_aarch64.manylinux_2_28_aarch64.whl", hash = "sha256:9064b0f55b947e929ac669af5311ab1f26f750214db6dd9a0c97e091e918f486"},
    {file = "fonttools-4.61.0-cp314-cp314t-musllinux_1_2_aarch64.whl", hash = "sha256:2cb5e45a824ce14b90510024d0d39dae51bd4fbb54c42a9334ea8c8cf4d95cbe"},
    {file = "fonttools-4.61.0-cp314-cp314t-musllinux_1_2_x86_64.whl", hash = "sha256:6e5ca8c62efdec7972dfdfd454415c4db49b89aeaefaaacada432f3b7eea9866"},
    {file = "fonttools-4.61.0-cp314-cp314t-win32.whl", hash = "sha256:63c7125d31abe3e61d7bb917329b5543c5b3448db95f24081a13aaf064360fc8"},
    {file = "fonttools-4.61.0-cp314-cp314t-win_amd64.whl", hash = "sha256:67d841aa272be5500de7f447c40d1d8452783af33b4c3599899319f6ef9ad3c1"},
    {file = "fonttools-4.61.0-py3-none-any.whl", hash = "sha256:276f14c560e6f98d24ef7f5f44438e55ff5a67f78fa85236b218462c9f5d0635"},
    {file = "fonttools-4.61.0.tar.gz", hash = "sha256:ec520a1f0c7758d7a858a00f090c1745f6cde6a7c5e76fb70ea4044a15f712e7"},
]

[package.extras]
all = ["brotli (>=1.0.1) ; platform_python_implementation == \"CPython\"", "brotlicffi (>=0.8.0) ; platform_python_implementation != \"CPython\"", "lxml (>=4.0)", "lz4 (>=1.7.4.2)", "matplotlib", "munkres ; platform_python_implementation == \"PyPy\"", "pycairo", "scipy ; platform_python_implementation != \"PyPy\"", "skia-pathops (>=0.5.0)", "sympy", "uharfbuzz (>=0.45.0)", "unicodedata2 (>=17.0.0) ; python_version <= \"3.14\"", "xattr ; sys_platform == \"darwin\"", "zopfli (>=0.1.4)"]
graphite = ["lz4 (>=1.7.4.2)"]
interpolatable = ["munkres ; platform_python_implementation == \"PyPy\"", "pycairo", "scipy ; platform_python_implementation != \"PyPy\""]
lxml = ["lxml (>=4.0)"]
pathops = ["skia-pathops (>=0.5.0)"]
plot = ["matplotlib"]
repacker = ["uharfbuzz (>=0.45.0)"]
symfont = ["sympy"]
type1 = ["xattr ; sys_platform == \"darwin\""]
unicode = ["unicodedata2 (>=17.0.0) ; python_version <= \"3.14\""]
woff = ["brotli (>=1.0.1) ; platform_python_implementation == \"CPython\"", "brotlicffi (>=0.8.0) ; platform_python_implementation != \"CPython\"", "zopfli (>=0.1.4)"]

[[package]]
name = "zopfli"
version = "0.4.0"
description = "Zopfli module for python"
optional = false
python-versions = ">=3.10"
groups = ["main"]
files = [
    {file = "zopfli-0.4.0-cp310-abi3-macosx_10_9_universal2.whl", hash = "sha256:d1b98ad47c434ef213444a03ef2f826eeec100144d64f6a57504b9893d3931ce"},
    {file = "zopfli-0.4.0-cp310-abi3-manylinux2014_x86_64.manylinux_2_17_x86_64.whl", hash = "sha256:18b5f1570f64d4988482e4466f10ef5f2a30f687c19ad62a64560f2152dc89eb"},
    {file = "zopfli-0.4.0-cp310-abi3-manylinux_2_24_aarch64.manylinux_2_28_aarch64.whl", hash = "sha256:b72a010d205d00b2855acc2302772067362f9ab5a012e3550662aec60d28e6b3"},
    {file = "zopfli-0.4.0-cp310-abi3-musllinux_1_2_aarch64.whl", hash = "sha256:c3ba02a9a6ca90481d2b2f68bab038b310d63a1e3b5ae305e95a6599787ed941"},
    {file = "zopfli-0.4.0-cp310-abi3-musllinux_1_2_x86_64.whl", hash = "sha256:7d66337be6d5613dec55213e9ac28f378c41e2cc04fbad4a10748e4df774ca85"},
    {file = "zopfli-0.4.0-cp310-abi3-win32.whl", hash = "sha256:03181d48e719fcb6cf8340189c61e8f9883d8bbbdf76bf5212a74457f7d083c1"},
    {file = "zopfli-0.4.0-cp310-abi3-win_amd64.whl", hash = "sha256:f94e4dd7d76b4fe9f5d9229372be20d7f786164eea5152d1af1c34298c3d5975"},
    {file = "zopfli-0.4.0-pp311-pypy311_pp73-macosx_10_15_x86_64.whl", hash = "sha256:b8bdb41fbfdc4738b7bdc09ed7c1e951579fae192391a5e694d59bb186cdbec7"},
    {file = "zopfli-0.4.0-pp311-pypy311_pp73-manylinux2014_x86_64.manylinux_2_17_x86_64.whl", hash = "sha256:9097e8e1dfdb7f5aea5464e469946857e80502b6d29ba1b232450916bd4a74d1"},
    {file = "zopfli-0.4.0-pp311-pypy311_pp73-manylinux_2_24_aarch64.manylinux_2_28_aarch64.whl", hash = "sha256:f67d04280065e24cb9a4174cb6b3d1f763687f8cb2963aa135ad8f57c6995f5a"},
    {file = "zopfli-0.4.0-pp311-pypy311_pp73-win_amd64.whl", hash = "sha256:25e4863b8dc30e5d5309f87c106b0b7d3da4ed0e340b8a52b36d4471e797589f"},
    {file = "zopfli-0.4.0.tar.gz", hash = "sha256:a8ee992b2549e090cd3f0178bf606dd41a29e0613a04cdf5054224662c72dce6"},
]

[package.extras]
test = ["pytest"]

[metadata]
lock-version = "2.1"
python-versions = ">=3.14"
content-hash = "0c7bf6b37c4bb1ee40bd1bbd0e18ce7813e5ace0cdd97e8a4652f6f4662012ca"
